
Microsoft Visual Studio Solution File, Format Version 12.00
# Visual Studio Version 16
VisualStudioVersion = 16.0.31019.35
MinimumVisualStudioVersion = 10.0.40219.1
Project("{FAE04EC0-301F-11D3-BF4B-00C04F79EFBC}") = "SimUDuck", "SimUDuck.csproj", "{D093A9EA-B18C-4344-9D46-E50549A022C8}"
EndProject
Global
	GlobalSection(SolutionConfigurationPlatforms) = preSolution
		Debug|Any CPU = Debug|Any CPU
		Release|Any CPU = Release|Any CPU
	EndGlobalSection
	GlobalSection(ProjectConfigurationPlatforms) = postSolution
		{D093A9EA-B18C-4344-9D46-E50549A022C8}.Debug|Any CPU.ActiveCfg = Debug|Any CPU
		{D093A9EA-B18C-4344-9D46-E50549A022C8}.Debug|Any CPU.Build.0 = Debug|Any CPU
		{D093A9EA-B18C-4344-9D46-E50549A022C8}.Release|Any CPU.ActiveCfg = Release|Any CPU
		{D093A9EA-B18C-4344-9D46-E50549A022C8}.Release|Any CPU.Build.0 = Release|Any CPU
	EndGlobalSection
	GlobalSection(SolutionProperties) = preSolution
		HideSolutionNode = FALSE
	EndGlobalSection
	GlobalSection(ExtensibilityGlobals) = postSolution
		SolutionGuid = {20E80C4B-1227-4ABD-8B3A-5563DF9FEB79}
	EndGlobalSection
EndGlobal
